// !$*UTF8*$!
{
	archiveVersion = 1;
	classes = {
	};
	objectVersion = 48;
	objects = {

/* Begin PBXBuildFile section */
		6E6FC2231FEEE7E8004A599B /* AppDelegate.swift in Sources */ = {isa = PBXBuildFile; fileRef = 6E6FC2221FEEE7E8004A599B /* AppDelegate.swift */; };
		6E6FC2251FEEE7E8004A599B /* LoginViewController.swift in Sources */ = {isa = PBXBuildFile; fileRef = 6E6FC2241FEEE7E8004A599B /* LoginViewController.swift */; };
		6E6FC2281FEEE7E8004A599B /* Main.storyboard in Resources */ = {isa = PBXBuildFile; fileRef = 6E6FC2261FEEE7E8004A599B /* Main.storyboard */; };
		6E6FC22A1FEEE7E8004A599B /* Assets.xcassets in Resources */ = {isa = PBXBuildFile; fileRef = 6E6FC2291FEEE7E8004A599B /* Assets.xcassets */; };
		6E6FC22D1FEEE7E8004A599B /* LaunchScreen.storyboard in Resources */ = {isa = PBXBuildFile; fileRef = 6E6FC22B1FEEE7E8004A599B /* LaunchScreen.storyboard */; };
		6E6FC24E1FEF0020004A599B /* TwitterResponse.swift in Sources */ = {isa = PBXBuildFile; fileRef = 6E6FC24D1FEF0020004A599B /* TwitterResponse.swift */; };
		6E6FC2531FEF05B7004A599B /* TwitterTarget.swift in Sources */ = {isa = PBXBuildFile; fileRef = 6E6FC2521FEF05B7004A599B /* TwitterTarget.swift */; };
		6E6FC2591FEF0971004A599B /* Constants.swift in Sources */ = {isa = PBXBuildFile; fileRef = 6E6FC2581FEF0971004A599B /* Constants.swift */; };
		6E6FC25B1FEF8460004A599B /* User.swift in Sources */ = {isa = PBXBuildFile; fileRef = 6E6FC25A1FEF8460004A599B /* User.swift */; };
		6E6FC25D1FEF9679004A599B /* FollowerListViewController.swift in Sources */ = {isa = PBXBuildFile; fileRef = 6E6FC25C1FEF9679004A599B /* FollowerListViewController.swift */; };
		6E6FC25F1FF06969004A599B /* Coordinator.swift in Sources */ = {isa = PBXBuildFile; fileRef = 6E6FC25E1FF06968004A599B /* Coordinator.swift */; };
		6E6FC2611FF069B0004A599B /* LoginCoordinator.swift in Sources */ = {isa = PBXBuildFile; fileRef = 6E6FC2601FF069B0004A599B /* LoginCoordinator.swift */; };
		6E6FC2631FF06A23004A599B /* AppCoordinator.swift in Sources */ = {isa = PBXBuildFile; fileRef = 6E6FC2621FF06A23004A599B /* AppCoordinator.swift */; };
		6E6FC2651FF06DFB004A599B /* LoginViewModel.swift in Sources */ = {isa = PBXBuildFile; fileRef = 6E6FC2641FF06DFB004A599B /* LoginViewModel.swift */; };
		6E6FC2671FF07037004A599B /* ViewControllerId.swift in Sources */ = {isa = PBXBuildFile; fileRef = 6E6FC2661FF07037004A599B /* ViewControllerId.swift */; };
		6E6FC2691FF077A8004A599B /* Instaniatable.swift in Sources */ = {isa = PBXBuildFile; fileRef = 6E6FC2681FF077A8004A599B /* Instaniatable.swift */; };
		6E6FC26B1FF08ABA004A599B /* FollowerListCoordinator.swift in Sources */ = {isa = PBXBuildFile; fileRef = 6E6FC26A1FF08ABA004A599B /* FollowerListCoordinator.swift */; };
		6E6FC26D1FF08AF3004A599B /* FollowerViewModel.swift in Sources */ = {isa = PBXBuildFile; fileRef = 6E6FC26C1FF08AF3004A599B /* FollowerViewModel.swift */; };
		6E6FC26F1FF0AA95004A599B /* FollowerCollectionCell.swift in Sources */ = {isa = PBXBuildFile; fileRef = 6E6FC26E1FF0AA95004A599B /* FollowerCollectionCell.swift */; };
		CA9C95218F5C76B218C2752B /* Pods_TwitterClient.framework in Frameworks */ = {isa = PBXBuildFile; fileRef = 1E5ED37FA29681274C5559B0 /* Pods_TwitterClient.framework */; };
/* End PBXBuildFile section */

/* Begin PBXFileReference section */
		1E5ED37FA29681274C5559B0 /* Pods_TwitterClient.framework */ = {isa = PBXFileReference; explicitFileType = wrapper.framework; includeInIndex = 0; path = Pods_TwitterClient.framework; sourceTree = BUILT_PRODUCTS_DIR; };
		63D8D7AB6E2E4ED90305A3EA /* Pods-TwitterClient.debug.xcconfig */ = {isa = PBXFileReference; includeInIndex = 1; lastKnownFileType = text.xcconfig; name = "Pods-TwitterClient.debug.xcconfig"; path = "Pods/Target Support Files/Pods-TwitterClient/Pods-TwitterClient.debug.xcconfig"; sourceTree = "<group>"; };
		6E6FC21F1FEEE7E8004A599B /* TwitterClient.app */ = {isa = PBXFileReference; explicitFileType = wrapper.application; includeInIndex = 0; path = TwitterClient.app; sourceTree = BUILT_PRODUCTS_DIR; };
		6E6FC2221FEEE7E8004A599B /* AppDelegate.swift */ = {isa = PBXFileReference; lastKnownFileType = sourcecode.swift; path = AppDelegate.swift; sourceTree = "<group>"; };
		6E6FC2241FEEE7E8004A599B /* LoginViewController.swift */ = {isa = PBXFileReference; lastKnownFileType = sourcecode.swift; path = LoginViewController.swift; sourceTree = "<group>"; };
		6E6FC2271FEEE7E8004A599B /* Base */ = {isa = PBXFileReference; lastKnownFileType = file.storyboard; name = Base; path = Base.lproj/Main.storyboard; sourceTree = "<group>"; };
		6E6FC2291FEEE7E8004A599B /* Assets.xcassets */ = {isa = PBXFileReference; lastKnownFileType = folder.assetcatalog; path = Assets.xcassets; sourceTree = "<group>"; };
		6E6FC22C1FEEE7E8004A599B /* Base */ = {isa = PBXFileReference; lastKnownFileType = file.storyboard; name = Base; path = Base.lproj/LaunchScreen.storyboard; sourceTree = "<group>"; };
		6E6FC22E1FEEE7E8004A599B /* Info.plist */ = {isa = PBXFileReference; lastKnownFileType = text.plist.xml; path = Info.plist; sourceTree = "<group>"; };
		6E6FC24D1FEF0020004A599B /* TwitterResponse.swift */ = {isa = PBXFileReference; lastKnownFileType = sourcecode.swift; path = TwitterResponse.swift; sourceTree = "<group>"; };
		6E6FC2521FEF05B7004A599B /* TwitterTarget.swift */ = {isa = PBXFileReference; lastKnownFileType = sourcecode.swift; path = TwitterTarget.swift; sourceTree = "<group>"; };
		6E6FC2581FEF0971004A599B /* Constants.swift */ = {isa = PBXFileReference; lastKnownFileType = sourcecode.swift; path = Constants.swift; sourceTree = "<group>"; };
		6E6FC25A1FEF8460004A599B /* User.swift */ = {isa = PBXFileReference; lastKnownFileType = sourcecode.swift; path = User.swift; sourceTree = "<group>"; };
		6E6FC25C1FEF9679004A599B /* FollowerListViewController.swift */ = {isa = PBXFileReference; lastKnownFileType = sourcecode.swift; path = FollowerListViewController.swift; sourceTree = "<group>"; };
		6E6FC25E1FF06968004A599B /* Coordinator.swift */ = {isa = PBXFileReference; lastKnownFileType = sourcecode.swift; path = Coordinator.swift; sourceTree = "<group>"; };
		6E6FC2601FF069B0004A599B /* LoginCoordinator.swift */ = {isa = PBXFileReference; lastKnownFileType = sourcecode.swift; path = LoginCoordinator.swift; sourceTree = "<group>"; };
		6E6FC2621FF06A23004A599B /* AppCoordinator.swift */ = {isa = PBXFileReference; lastKnownFileType = sourcecode.swift; path = AppCoordinator.swift; sourceTree = "<group>"; };
		6E6FC2641FF06DFB004A599B /* LoginViewModel.swift */ = {isa = PBXFileReference; lastKnownFileType = sourcecode.swift; path = LoginViewModel.swift; sourceTree = "<group>"; };
		6E6FC2661FF07037004A599B /* ViewControllerId.swift */ = {isa = PBXFileReference; lastKnownFileType = sourcecode.swift; path = ViewControllerId.swift; sourceTree = "<group>"; };
		6E6FC2681FF077A8004A599B /* Instaniatable.swift */ = {isa = PBXFileReference; lastKnownFileType = sourcecode.swift; path = Instaniatable.swift; sourceTree = "<group>"; };
		6E6FC26A1FF08ABA004A599B /* FollowerListCoordinator.swift */ = {isa = PBXFileReference; lastKnownFileType = sourcecode.swift; path = FollowerListCoordinator.swift; sourceTree = "<group>"; };
		6E6FC26C1FF08AF3004A599B /* FollowerViewModel.swift */ = {isa = PBXFileReference; lastKnownFileType = sourcecode.swift; path = FollowerViewModel.swift; sourceTree = "<group>"; };
		6E6FC26E1FF0AA95004A599B /* FollowerCollectionCell.swift */ = {isa = PBXFileReference; lastKnownFileType = sourcecode.swift; path = FollowerCollectionCell.swift; sourceTree = "<group>"; };
		AFC0D1F2695475EC56D177CB /* Pods-TwitterClient.release.xcconfig */ = {isa = PBXFileReference; includeInIndex = 1; lastKnownFileType = text.xcconfig; name = "Pods-TwitterClient.release.xcconfig"; path = "Pods/Target Support Files/Pods-TwitterClient/Pods-TwitterClient.release.xcconfig"; sourceTree = "<group>"; };
/* End PBXFileReference section */

/* Begin PBXFrameworksBuildPhase section */
		6E6FC21C1FEEE7E8004A599B /* Frameworks */ = {
			isa = PBXFrameworksBuildPhase;
			buildActionMask = 2147483647;
			files = (
				CA9C95218F5C76B218C2752B /* Pods_TwitterClient.framework in Frameworks */,
			);
			runOnlyForDeploymentPostprocessing = 0;
		};
/* End PBXFrameworksBuildPhase section */

/* Begin PBXGroup section */
		6E6FC2161FEEE7E8004A599B = {
			isa = PBXGroup;
			children = (
				6E6FC2211FEEE7E8004A599B /* TwitterClient */,
				6E6FC2201FEEE7E8004A599B /* Products */,
				C01B379B5CA1828231016EE5 /* Pods */,
				9544D1085250D78794228866 /* Frameworks */,
			);
			sourceTree = "<group>";
		};
		6E6FC2201FEEE7E8004A599B /* Products */ = {
			isa = PBXGroup;
			children = (
				6E6FC21F1FEEE7E8004A599B /* TwitterClient.app */,
			);
			name = Products;
			sourceTree = "<group>";
		};
		6E6FC2211FEEE7E8004A599B /* TwitterClient */ = {
			isa = PBXGroup;
			children = (
				6E6FC2571FEF092F004A599B /* SupportFiles */,
				6E6FC2341FEEFFB4004A599B /* Model */,
				6E6FC2501FEF0463004A599B /* View */,
				6E6FC24F1FEF045B004A599B /* ViewModel */,
				6E6FC2541FEF0779004A599B /* Coordinator */,
				6E6FC2511FEF058C004A599B /* Network */,
				6E6FC2551FEF08EF004A599B /* Constant */,
				6E6FC2561FEF0909004A599B /* Util */,
			);
			path = TwitterClient;
			sourceTree = "<group>";
		};
		6E6FC2341FEEFFB4004A599B /* Model */ = {
			isa = PBXGroup;
			children = (
				6E6FC24D1FEF0020004A599B /* TwitterResponse.swift */,
				6E6FC25A1FEF8460004A599B /* User.swift */,
			);
			path = Model;
			sourceTree = "<group>";
		};
		6E6FC24F1FEF045B004A599B /* ViewModel */ = {
			isa = PBXGroup;
			children = (
				6E6FC2641FF06DFB004A599B /* LoginViewModel.swift */,
				6E6FC26C1FF08AF3004A599B /* FollowerViewModel.swift */,
			);
			path = ViewModel;
			sourceTree = "<group>";
		};
		6E6FC2501FEF0463004A599B /* View */ = {
			isa = PBXGroup;
			children = (
				6E6FC2261FEEE7E8004A599B /* Main.storyboard */,
				6E6FC22B1FEEE7E8004A599B /* LaunchScreen.storyboard */,
				6E6FC2241FEEE7E8004A599B /* LoginViewController.swift */,
				6E6FC25C1FEF9679004A599B /* FollowerListViewController.swift */,
				6E6FC26E1FF0AA95004A599B /* FollowerCollectionCell.swift */,
				6E6FC2681FF077A8004A599B /* Instaniatable.swift */,
			);
			path = View;
			sourceTree = "<group>";
		};
		6E6FC2511FEF058C004A599B /* Network */ = {
			isa = PBXGroup;
			children = (
				6E6FC2521FEF05B7004A599B /* TwitterTarget.swift */,
			);
			path = Network;
			sourceTree = "<group>";
		};
		6E6FC2541FEF0779004A599B /* Coordinator */ = {
			isa = PBXGroup;
			children = (
				6E6FC25E1FF06968004A599B /* Coordinator.swift */,
				6E6FC2621FF06A23004A599B /* AppCoordinator.swift */,
				6E6FC2601FF069B0004A599B /* LoginCoordinator.swift */,
				6E6FC26A1FF08ABA004A599B /* FollowerListCoordinator.swift */,
			);
			path = Coordinator;
			sourceTree = "<group>";
		};
		6E6FC2551FEF08EF004A599B /* Constant */ = {
			isa = PBXGroup;
			children = (
				6E6FC2581FEF0971004A599B /* Constants.swift */,
				6E6FC2661FF07037004A599B /* ViewControllerId.swift */,
			);
			path = Constant;
			sourceTree = "<group>";
		};
		6E6FC2561FEF0909004A599B /* Util */ = {
			isa = PBXGroup;
			children = (
			);
			path = Util;
			sourceTree = "<group>";
		};
		6E6FC2571FEF092F004A599B /* SupportFiles */ = {
			isa = PBXGroup;
			children = (
				6E6FC2221FEEE7E8004A599B /* AppDelegate.swift */,
				6E6FC2291FEEE7E8004A599B /* Assets.xcassets */,
				6E6FC22E1FEEE7E8004A599B /* Info.plist */,
			);
			path = SupportFiles;
			sourceTree = "<group>";
		};
		9544D1085250D78794228866 /* Frameworks */ = {
			isa = PBXGroup;
			children = (
				1E5ED37FA29681274C5559B0 /* Pods_TwitterClient.framework */,
			);
			name = Frameworks;
			sourceTree = "<group>";
		};
		C01B379B5CA1828231016EE5 /* Pods */ = {
			isa = PBXGroup;
			children = (
				63D8D7AB6E2E4ED90305A3EA /* Pods-TwitterClient.debug.xcconfig */,
				AFC0D1F2695475EC56D177CB /* Pods-TwitterClient.release.xcconfig */,
			);
			name = Pods;
			sourceTree = "<group>";
		};
/* End PBXGroup section */

/* Begin PBXNativeTarget section */
		6E6FC21E1FEEE7E8004A599B /* TwitterClient */ = {
			isa = PBXNativeTarget;
			buildConfigurationList = 6E6FC2311FEEE7E8004A599B /* Build configuration list for PBXNativeTarget "TwitterClient" */;
			buildPhases = (
				98DF61BCD89E9DDEC1309927 /* [CP] Check Pods Manifest.lock */,
				6E6FC21B1FEEE7E8004A599B /* Sources */,
				6E6FC21C1FEEE7E8004A599B /* Frameworks */,
				6E6FC21D1FEEE7E8004A599B /* Resources */,
				B7688C725A4222C1187294C6 /* [CP] Embed Pods Frameworks */,
				9F6DA619608748AE2FE9F1C4 /* [CP] Copy Pods Resources */,
			);
			buildRules = (
			);
			dependencies = (
			);
			name = TwitterClient;
			productName = TwitterClient;
			productReference = 6E6FC21F1FEEE7E8004A599B /* TwitterClient.app */;
			productType = "com.apple.product-type.application";
		};
/* End PBXNativeTarget section */

/* Begin PBXProject section */
		6E6FC2171FEEE7E8004A599B /* Project object */ = {
			isa = PBXProject;
			attributes = {
				LastSwiftUpdateCheck = 0920;
				LastUpgradeCheck = 0920;
				ORGANIZATIONNAME = "Mohamed Farouk";
				TargetAttributes = {
					6E6FC21E1FEEE7E8004A599B = {
						CreatedOnToolsVersion = 9.2;
						ProvisioningStyle = Automatic;
					};
				};
			};
			buildConfigurationList = 6E6FC21A1FEEE7E8004A599B /* Build configuration list for PBXProject "TwitterClient" */;
			compatibilityVersion = "Xcode 8.0";
			developmentRegion = en;
			hasScannedForEncodings = 0;
			knownRegions = (
				en,
				Base,
			);
			mainGroup = 6E6FC2161FEEE7E8004A599B;
			productRefGroup = 6E6FC2201FEEE7E8004A599B /* Products */;
			projectDirPath = "";
			projectRoot = "";
			targets = (
				6E6FC21E1FEEE7E8004A599B /* TwitterClient */,
			);
		};
/* End PBXProject section */

/* Begin PBXResourcesBuildPhase section */
		6E6FC21D1FEEE7E8004A599B /* Resources */ = {
			isa = PBXResourcesBuildPhase;
			buildActionMask = 2147483647;
			files = (
				6E6FC22D1FEEE7E8004A599B /* LaunchScreen.storyboard in Resources */,
				6E6FC22A1FEEE7E8004A599B /* Assets.xcassets in Resources */,
				6E6FC2281FEEE7E8004A599B /* Main.storyboard in Resources */,
			);
			runOnlyForDeploymentPostprocessing = 0;
		};
/* End PBXResourcesBuildPhase section */

/* Begin PBXShellScriptBuildPhase section */
		98DF61BCD89E9DDEC1309927 /* [CP] Check Pods Manifest.lock */ = {
			isa = PBXShellScriptBuildPhase;
			buildActionMask = 2147483647;
			files = (
			);
			inputPaths = (
				"${PODS_PODFILE_DIR_PATH}/Podfile.lock",
				"${PODS_ROOT}/Manifest.lock",
			);
			name = "[CP] Check Pods Manifest.lock";
			outputPaths = (
				"$(DERIVED_FILE_DIR)/Pods-TwitterClient-checkManifestLockResult.txt",
			);
			runOnlyForDeploymentPostprocessing = 0;
			shellPath = /bin/sh;
			shellScript = "diff \"${PODS_PODFILE_DIR_PATH}/Podfile.lock\" \"${PODS_ROOT}/Manifest.lock\" > /dev/null\nif [ $? != 0 ] ; then\n    # print error to STDERR\n    echo \"error: The sandbox is not in sync with the Podfile.lock. Run 'pod install' or update your CocoaPods installation.\" >&2\n    exit 1\nfi\n# This output is used by Xcode 'outputs' to avoid re-running this script phase.\necho \"SUCCESS\" > \"${SCRIPT_OUTPUT_FILE_0}\"\n";
			showEnvVarsInLog = 0;
		};
		9F6DA619608748AE2FE9F1C4 /* [CP] Copy Pods Resources */ = {
			isa = PBXShellScriptBuildPhase;
			buildActionMask = 2147483647;
			files = (
			);
			inputPaths = (
			);
			name = "[CP] Copy Pods Resources";
			outputPaths = (
			);
			runOnlyForDeploymentPostprocessing = 0;
			shellPath = /bin/sh;
			shellScript = "\"${SRCROOT}/Pods/Target Support Files/Pods-TwitterClient/Pods-TwitterClient-resources.sh\"\n";
			showEnvVarsInLog = 0;
		};
		B7688C725A4222C1187294C6 /* [CP] Embed Pods Frameworks */ = {
			isa = PBXShellScriptBuildPhase;
			buildActionMask = 2147483647;
			files = (
			);
			inputPaths = (
				"${SRCROOT}/Pods/Target Support Files/Pods-TwitterClient/Pods-TwitterClient-frameworks.sh",
				"${BUILT_PRODUCTS_DIR}/Alamofire/Alamofire.framework",
				"${BUILT_PRODUCTS_DIR}/Kingfisher/Kingfisher.framework",
				"${BUILT_PRODUCTS_DIR}/Moya/Moya.framework",
				"${BUILT_PRODUCTS_DIR}/NVActivityIndicatorView/NVActivityIndicatorView.framework",
				"${BUILT_PRODUCTS_DIR}/OAuthSwift/OAuthSwift.framework",
				"${BUILT_PRODUCTS_DIR}/Realm/Realm.framework",
				"${BUILT_PRODUCTS_DIR}/RealmSwift/RealmSwift.framework",
				"${BUILT_PRODUCTS_DIR}/Result/Result.framework",
			);
			name = "[CP] Embed Pods Frameworks";
			outputPaths = (
				"${TARGET_BUILD_DIR}/${FRAMEWORKS_FOLDER_PATH}/Alamofire.framework",
				"${TARGET_BUILD_DIR}/${FRAMEWORKS_FOLDER_PATH}/Kingfisher.framework",
				"${TARGET_BUILD_DIR}/${FRAMEWORKS_FOLDER_PATH}/Moya.framework",
				"${TARGET_BUILD_DIR}/${FRAMEWORKS_FOLDER_PATH}/NVActivityIndicatorView.framework",
				"${TARGET_BUILD_DIR}/${FRAMEWORKS_FOLDER_PATH}/OAuthSwift.framework",
				"${TARGET_BUILD_DIR}/${FRAMEWORKS_FOLDER_PATH}/Realm.framework",
				"${TARGET_BUILD_DIR}/${FRAMEWORKS_FOLDER_PATH}/RealmSwift.framework",
				"${TARGET_BUILD_DIR}/${FRAMEWORKS_FOLDER_PATH}/Result.framework",
			);
			runOnlyForDeploymentPostprocessing = 0;
			shellPath = /bin/sh;
			shellScript = "\"${SRCROOT}/Pods/Target Support Files/Pods-TwitterClient/Pods-TwitterClient-frameworks.sh\"\n";
			showEnvVarsInLog = 0;
		};
/* End PBXShellScriptBuildPhase section */

/* Begin PBXSourcesBuildPhase section */
		6E6FC21B1FEEE7E8004A599B /* Sources */ = {
			isa = PBXSourcesBuildPhase;
			buildActionMask = 2147483647;
			files = (
				6E6FC26B1FF08ABA004A599B /* FollowerListCoordinator.swift in Sources */,
				6E6FC25F1FF06969004A599B /* Coordinator.swift in Sources */,
				6E6FC2591FEF0971004A599B /* Constants.swift in Sources */,
				6E6FC2651FF06DFB004A599B /* LoginViewModel.swift in Sources */,
				6E6FC2631FF06A23004A599B /* AppCoordinator.swift in Sources */,
				6E6FC2531FEF05B7004A599B /* TwitterTarget.swift in Sources */,
				6E6FC25B1FEF8460004A599B /* User.swift in Sources */,
				6E6FC25D1FEF9679004A599B /* FollowerListViewController.swift in Sources */,
				6E6FC24E1FEF0020004A599B /* TwitterResponse.swift in Sources */,
				6E6FC2611FF069B0004A599B /* LoginCoordinator.swift in Sources */,
				6E6FC2671FF07037004A599B /* ViewControllerId.swift in Sources */,
				6E6FC2251FEEE7E8004A599B /* LoginViewController.swift in Sources */,
				6E6FC2691FF077A8004A599B /* Instaniatable.swift in Sources */,
				6E6FC26F1FF0AA95004A599B /* FollowerCollectionCell.swift in Sources */,
				6E6FC2231FEEE7E8004A599B /* AppDelegate.swift in Sources */,
				6E6FC26D1FF08AF3004A599B /* FollowerViewModel.swift in Sources */,
			);
			runOnlyForDeploymentPostprocessing = 0;
		};
/* End PBXSourcesBuildPhase section */

/* Begin PBXVariantGroup section */
		6E6FC2261FEEE7E8004A599B /* Main.storyboard */ = {
			isa = PBXVariantGroup;
			children = (
				6E6FC2271FEEE7E8004A599B /* Base */,
			);
			name = Main.storyboard;
			sourceTree = "<group>";
		};
		6E6FC22B1FEEE7E8004A599B /* LaunchScreen.storyboard */ = {
			isa = PBXVariantGroup;
			children = (
				6E6FC22C1FEEE7E8004A599B /* Base */,
			);
			name = LaunchScreen.storyboard;
			sourceTree = "<group>";
		};
/* End PBXVariantGroup section */

/* Begin XCBuildConfiguration section */
		6E6FC22F1FEEE7E8004A599B /* Debug */ = {
			isa = XCBuildConfiguration;
			buildSettings = {
				ALWAYS_SEARCH_USER_PATHS = NO;
				CLANG_ANALYZER_NONNULL = YES;
				CLANG_ANALYZER_NUMBER_OBJECT_CONVERSION = YES_AGGRESSIVE;
				CLANG_CXX_LANGUAGE_STANDARD = "gnu++14";
				CLANG_CXX_LIBRARY = "libc++";
				CLANG_ENABLE_MODULES = YES;
				CLANG_ENABLE_OBJC_ARC = YES;
				CLANG_WARN_BLOCK_CAPTURE_AUTORELEASING = YES;
				CLANG_WARN_BOOL_CONVERSION = YES;
				CLANG_WARN_COMMA = YES;
				CLANG_WARN_CONSTANT_CONVERSION = YES;
				CLANG_WARN_DIRECT_OBJC_ISA_USAGE = YES_ERROR;
				CLANG_WARN_DOCUMENTATION_COMMENTS = YES;
				CLANG_WARN_EMPTY_BODY = YES;
				CLANG_WARN_ENUM_CONVERSION = YES;
				CLANG_WARN_INFINITE_RECURSION = YES;
				CLANG_WARN_INT_CONVERSION = YES;
				CLANG_WARN_NON_LITERAL_NULL_CONVERSION = YES;
				CLANG_WARN_OBJC_LITERAL_CONVERSION = YES;
				CLANG_WARN_OBJC_ROOT_CLASS = YES_ERROR;
				CLANG_WARN_RANGE_LOOP_ANALYSIS = YES;
				CLANG_WARN_STRICT_PROTOTYPES = YES;
				CLANG_WARN_SUSPICIOUS_MOVE = YES;
				CLANG_WARN_UNGUARDED_AVAILABILITY = YES_AGGRESSIVE;
				CLANG_WARN_UNREACHABLE_CODE = YES;
				CLANG_WARN__DUPLICATE_METHOD_MATCH = YES;
				CODE_SIGN_IDENTITY = "iPhone Developer";
				COPY_PHASE_STRIP = NO;
				DEBUG_INFORMATION_FORMAT = dwarf;
				ENABLE_STRICT_OBJC_MSGSEND = YES;
				ENABLE_TESTABILITY = YES;
				GCC_C_LANGUAGE_STANDARD = gnu11;
				GCC_DYNAMIC_NO_PIC = NO;
				GCC_NO_COMMON_BLOCKS = YES;
				GCC_OPTIMIZATION_LEVEL = 0;
				GCC_PREPROCESSOR_DEFINITIONS = (
					"DEBUG=1",
					"$(inherited)",
				);
				GCC_WARN_64_TO_32_BIT_CONVERSION = YES;
				GCC_WARN_ABOUT_RETURN_TYPE = YES_ERROR;
				GCC_WARN_UNDECLARED_SELECTOR = YES;
				GCC_WARN_UNINITIALIZED_AUTOS = YES_AGGRESSIVE;
				GCC_WARN_UNUSED_FUNCTION = YES;
				GCC_WARN_UNUSED_VARIABLE = YES;
				IPHONEOS_DEPLOYMENT_TARGET = 11.2;
				MTL_ENABLE_DEBUG_INFO = YES;
				ONLY_ACTIVE_ARCH = YES;
				SDKROOT = iphoneos;
				SWIFT_ACTIVE_COMPILATION_CONDITIONS = DEBUG;
				SWIFT_OPTIMIZATION_LEVEL = "-Onone";
			};
			name = Debug;
		};
		6E6FC2301FEEE7E8004A599B /* Release */ = {
			isa = XCBuildConfiguration;
			buildSettings = {
				ALWAYS_SEARCH_USER_PATHS = NO;
				CLANG_ANALYZER_NONNULL = YES;
				CLANG_ANALYZER_NUMBER_OBJECT_CONVERSION = YES_AGGRESSIVE;
				CLANG_CXX_LANGUAGE_STANDARD = "gnu++14";
				CLANG_CXX_LIBRARY = "libc++";
				CLANG_ENABLE_MODULES = YES;
				CLANG_ENABLE_OBJC_ARC = YES;
				CLANG_WARN_BLOCK_CAPTURE_AUTORELEASING = YES;
				CLANG_WARN_BOOL_CONVERSION = YES;
				CLANG_WARN_COMMA = YES;
				CLANG_WARN_CONSTANT_CONVERSION = YES;
				CLANG_WARN_DIRECT_OBJC_ISA_USAGE = YES_ERROR;
				CLANG_WARN_DOCUMENTATION_COMMENTS = YES;
				CLANG_WARN_EMPTY_BODY = YES;
				CLANG_WARN_ENUM_CONVERSION = YES;
				CLANG_WARN_INFINITE_RECURSION = YES;
				CLANG_WARN_INT_CONVERSION = YES;
				CLANG_WARN_NON_LITERAL_NULL_CONVERSION = YES;
				CLANG_WARN_OBJC_LITERAL_CONVERSION = YES;
				CLANG_WARN_OBJC_ROOT_CLASS = YES_ERROR;
				CLANG_WARN_RANGE_LOOP_ANALYSIS = YES;
				CLANG_WARN_STRICT_PROTOTYPES = YES;
				CLANG_WARN_SUSPICIOUS_MOVE = YES;
				CLANG_WARN_UNGUARDED_AVAILABILITY = YES_AGGRESSIVE;
				CLANG_WARN_UNREACHABLE_CODE = YES;
				CLANG_WARN__DUPLICATE_METHOD_MATCH = YES;
				CODE_SIGN_IDENTITY = "iPhone Developer";
				COPY_PHASE_STRIP = NO;
				DEBUG_INFORMATION_FORMAT = "dwarf-with-dsym";
				ENABLE_NS_ASSERTIONS = NO;
				ENABLE_STRICT_OBJC_MSGSEND = YES;
				GCC_C_LANGUAGE_STANDARD = gnu11;
				GCC_NO_COMMON_BLOCKS = YES;
				GCC_WARN_64_TO_32_BIT_CONVERSION = YES;
				GCC_WARN_ABOUT_RETURN_TYPE = YES_ERROR;
				GCC_WARN_UNDECLARED_SELECTOR = YES;
				GCC_WARN_UNINITIALIZED_AUTOS = YES_AGGRESSIVE;
				GCC_WARN_UNUSED_FUNCTION = YES;
				GCC_WARN_UNUSED_VARIABLE = YES;
				IPHONEOS_DEPLOYMENT_TARGET = 11.2;
				MTL_ENABLE_DEBUG_INFO = NO;
				SDKROOT = iphoneos;
				SWIFT_OPTIMIZATION_LEVEL = "-Owholemodule";
				VALIDATE_PRODUCT = YES;
			};
			name = Release;
		};
		6E6FC2321FEEE7E8004A599B /* Debug */ = {
			isa = XCBuildConfiguration;
			baseConfigurationReference = 63D8D7AB6E2E4ED90305A3EA /* Pods-TwitterClient.debug.xcconfig */;
			buildSettings = {
				ASSETCATALOG_COMPILER_APPICON_NAME = AppIcon;
				CODE_SIGN_STYLE = Automatic;
				DEVELOPMENT_TEAM = 44L6X9U2S6;
				INFOPLIST_FILE = "$(SRCROOT)/TwitterClient/SupportFiles/Info.plist";
				LD_RUNPATH_SEARCH_PATHS = "$(inherited) @executable_path/Frameworks";
				PRODUCT_BUNDLE_IDENTIFIER = me.mohamed.farouk.TwitterClient;
				PRODUCT_NAME = "$(TARGET_NAME)";
				SWIFT_VERSION = 4.0;
				TARGETED_DEVICE_FAMILY = "1,2";
			};
			name = Debug;
		};
		6E6FC2331FEEE7E8004A599B /* Release */ = {
			isa = XCBuildConfiguration;
			baseConfigurationReference = AFC0D1F2695475EC56D177CB /* Pods-TwitterClient.release.xcconfig */;
			buildSettings = {
				ASSETCATALOG_COMPILER_APPICON_NAME = AppIcon;
				CODE_SIGN_STYLE = Automatic;
				DEVELOPMENT_TEAM = 44L6X9U2S6;
				INFOPLIST_FILE = "$(SRCROOT)/TwitterClient/SupportFiles/Info.plist";
				LD_RUNPATH_SEARCH_PATHS = "$(inherited) @executable_path/Frameworks";
				PRODUCT_BUNDLE_IDENTIFIER = me.mohamed.farouk.TwitterClient;
				PRODUCT_NAME = "$(TARGET_NAME)";
				SWIFT_VERSION = 4.0;
				TARGETED_DEVICE_FAMILY = "1,2";
			};
			name = Release;
		};
/* End XCBuildConfiguration section */

/* Begin XCConfigurationList section */
		6E6FC21A1FEEE7E8004A599B /* Build configuration list for PBXProject "TwitterClient" */ = {
			isa = XCConfigurationList;
			buildConfigurations = (
				6E6FC22F1FEEE7E8004A599B /* Debug */,
				6E6FC2301FEEE7E8004A599B /* Release */,
			);
			defaultConfigurationIsVisible = 0;
			defaultConfigurationName = Release;
		};
		6E6FC2311FEEE7E8004A599B /* Build configuration list for PBXNativeTarget "TwitterClient" */ = {
			isa = XCConfigurationList;
			buildConfigurations = (
				6E6FC2321FEEE7E8004A599B /* Debug */,
				6E6FC2331FEEE7E8004A599B /* Release */,
			);
			defaultConfigurationIsVisible = 0;
			defaultConfigurationName = Release;
		};
/* End XCConfigurationList section */
	};
	rootObject = 6E6FC2171FEEE7E8004A599B /* Project object */;
}
