PODS:
  - Alamofire (4.6.0)
  - EZSwiftExtensions (1.11)
  - Kingfisher (4.5.0)
  - Moya (10.0.1):
    - Moya/Core (= 10.0.1)
  - Moya/Core (10.0.1):
    - Alamofire (~> 4.1)
    - Result (~> 3.0)
  - NVActivityIndicatorView (4.1.0):
    - NVActivityIndicatorView/Presenter (= 4.1.0)
  - NVActivityIndicatorView/Presenter (4.1.0)
  - OAuthSwift (1.2.0)
  - Realm (3.0.2):
    - Realm/Headers (= 3.0.2)
  - Realm/Headers (3.0.2)
  - RealmSwift (3.0.2):
    - Realm (= 3.0.2)
  - Result (3.2.4)
  - RevealingSplashView (0.4.0)

DEPENDENCIES:
  - EZSwiftExtensions
  - Kingfisher (~> 4.0)
  - Moya
  - NVActivityIndicatorView
  - OAuthSwift (~> 1.2.0)
  - RealmSwift
  - RevealingSplashView

SPEC CHECKSUMS:
  Alamofire: f41a599bd63041760b26d393ec1069d9d7b917f4
  EZSwiftExtensions: 84000042202d9fd574f626cda3064143f27fa767
  Kingfisher: 26ae0473102b77b575da51960c932431e3745407
  Moya: 9e621707ff754eeb51ff3ec51a3d54e517c0733a
  NVActivityIndicatorView: dc4726052dc24e89fa8576d43acf9e96f61d49db
  OAuthSwift: 7fd6855b8e4d58eb5a30d156ea9bed7a8aecd1ca
  Realm: 6f23fd1f178a09342eac21bfa7c2bf4312a7a180
  RealmSwift: 695393add1b8f9d5fa75dd16e6355cf3935f71e2
  Result: d2d07204ce72856f1fd9130bbe42c35a7b0fea10
  RevealingSplashView: 72be158ad5e1bc72713e8f78383dc3e1803ce4d1

PODFILE CHECKSUM: 260189bb42234045741b3abfc3c6df4102bc5101

COCOAPODS: 1.3.1
